// !$*UTF8*$!
{
	archiveVersion = 1;
	classes = {
	};
	objectVersion = 46;
	objects = {

/* Begin PBXBuildFile section */
		F46D378B1AD94B2800CFEDF9 /* InterfaceController.m in Sources */ = {isa = PBXBuildFile; fileRef = F46D378A1AD94B2800CFEDF9 /* InterfaceController.m */; };
		F46D378E1AD94B2800CFEDF9 /* NotificationController.m in Sources */ = {isa = PBXBuildFile; fileRef = F46D378D1AD94B2800CFEDF9 /* NotificationController.m */; };
		F46D37901AD94B2800CFEDF9 /* Images.xcassets in Resources */ = {isa = PBXBuildFile; fileRef = F46D378F1AD94B2800CFEDF9 /* Images.xcassets */; };
		F46D37941AD94B2900CFEDF9 /* SmartLock WatchKit App.app in Resources */ = {isa = PBXBuildFile; fileRef = F46D37931AD94B2900CFEDF9 /* SmartLock WatchKit App.app */; };
		F46D379C1AD94B2900CFEDF9 /* Interface.storyboard in Resources */ = {isa = PBXBuildFile; fileRef = F46D379A1AD94B2900CFEDF9 /* Interface.storyboard */; };
		F46D379E1AD94B2900CFEDF9 /* Images.xcassets in Resources */ = {isa = PBXBuildFile; fileRef = F46D379D1AD94B2900CFEDF9 /* Images.xcassets */; };
		F46D37A11AD94B2900CFEDF9 /* SmartLock WatchKit Extension.appex in Embed App Extensions */ = {isa = PBXBuildFile; fileRef = F46D37841AD94B2800CFEDF9 /* SmartLock WatchKit Extension.appex */; settings = {ATTRIBUTES = (RemoveHeadersOnCopy, ); }; };
		F4715A341A244CF40087694A /* main.m in Sources */ = {isa = PBXBuildFile; fileRef = F4715A331A244CF40087694A /* main.m */; };
		F4715A371A244CF40087694A /* AppDelegate.m in Sources */ = {isa = PBXBuildFile; fileRef = F4715A361A244CF40087694A /* AppDelegate.m */; };
		F4715A3F1A244CF40087694A /* Images.xcassets in Resources */ = {isa = PBXBuildFile; fileRef = F4715A3E1A244CF40087694A /* Images.xcassets */; };
		F4715A421A244CF40087694A /* LaunchScreen.xib in Resources */ = {isa = PBXBuildFile; fileRef = F4715A401A244CF40087694A /* LaunchScreen.xib */; };
		F4715A4E1A244CF40087694A /* SmartLockTests.m in Sources */ = {isa = PBXBuildFile; fileRef = F4715A4D1A244CF40087694A /* SmartLockTests.m */; };
		F4715A651A244D6B0087694A /* Main.storyboard in Resources */ = {isa = PBXBuildFile; fileRef = F4715A5D1A244D6B0087694A /* Main.storyboard */; };
		F4715A661A244D6B0087694A /* MainController.m in Sources */ = {isa = PBXBuildFile; fileRef = F4715A5F1A244D6B0087694A /* MainController.m */; };
		F4715A671A244D6B0087694A /* SearchController.m in Sources */ = {isa = PBXBuildFile; fileRef = F4715A621A244D6B0087694A /* SearchController.m */; };
		F4715A681A244D6B0087694A /* WellcomeController.m in Sources */ = {isa = PBXBuildFile; fileRef = F4715A641A244D6B0087694A /* WellcomeController.m */; };
		F4715A6A1A244DA20087694A /* Search.storyboard in Resources */ = {isa = PBXBuildFile; fileRef = F4715A691A244DA20087694A /* Search.storyboard */; };
		F4715A6F1A244DCF0087694A /* Map.storyboard in Resources */ = {isa = PBXBuildFile; fileRef = F4715A6C1A244DCF0087694A /* Map.storyboard */; };
		F4715A701A244DCF0087694A /* MapController.m in Sources */ = {isa = PBXBuildFile; fileRef = F4715A6E1A244DCF0087694A /* MapController.m */; };
		F4715A7C1A2604A20087694A /* BLECentral.m in Sources */ = {isa = PBXBuildFile; fileRef = F4715A791A2604A20087694A /* BLECentral.m */; };
		F4715A7D1A2604A20087694A /* Location.m in Sources */ = {isa = PBXBuildFile; fileRef = F4715A7B1A2604A20087694A /* Location.m */; };
		F4715A801A2604C20087694A /* Settings.m in Sources */ = {isa = PBXBuildFile; fileRef = F4715A7F1A2604C20087694A /* Settings.m */; };
/* End PBXBuildFile section */

/* Begin PBXContainerItemProxy section */
		F46D37951AD94B2900CFEDF9 /* PBXContainerItemProxy */ = {
			isa = PBXContainerItemProxy;
			containerPortal = F4715A261A244CF40087694A /* Project object */;
			proxyType = 1;
			remoteGlobalIDString = F46D37921AD94B2900CFEDF9;
			remoteInfo = "SmartLock WatchKit App";
		};
		F46D379F1AD94B2900CFEDF9 /* PBXContainerItemProxy */ = {
			isa = PBXContainerItemProxy;
			containerPortal = F4715A261A244CF40087694A /* Project object */;
			proxyType = 1;
			remoteGlobalIDString = F46D37831AD94B2800CFEDF9;
			remoteInfo = "SmartLock WatchKit Extension";
		};
		F4715A481A244CF40087694A /* PBXContainerItemProxy */ = {
			isa = PBXContainerItemProxy;
			containerPortal = F4715A261A244CF40087694A /* Project object */;
			proxyType = 1;
			remoteGlobalIDString = F4715A2D1A244CF40087694A;
			remoteInfo = SmartLock;
		};
/* End PBXContainerItemProxy section */

/* Begin PBXCopyFilesBuildPhase section */
		F46D37A81AD94B2900CFEDF9 /* Embed App Extensions */ = {
			isa = PBXCopyFilesBuildPhase;
			buildActionMask = 2147483647;
			dstPath = "";
			dstSubfolderSpec = 13;
			files = (
				F46D37A11AD94B2900CFEDF9 /* SmartLock WatchKit Extension.appex in Embed App Extensions */,
			);
			name = "Embed App Extensions";
			runOnlyForDeploymentPostprocessing = 0;
		};
/* End PBXCopyFilesBuildPhase section */

/* Begin PBXFileReference section */
		F46D37841AD94B2800CFEDF9 /* SmartLock WatchKit Extension.appex */ = {isa = PBXFileReference; explicitFileType = "wrapper.app-extension"; includeInIndex = 0; path = "SmartLock WatchKit Extension.appex"; sourceTree = BUILT_PRODUCTS_DIR; };
		F46D37871AD94B2800CFEDF9 /* Info.plist */ = {isa = PBXFileReference; lastKnownFileType = text.plist.xml; path = Info.plist; sourceTree = "<group>"; };
		F46D37881AD94B2800CFEDF9 /* PushNotificationPayload.apns */ = {isa = PBXFileReference; lastKnownFileType = text; path = PushNotificationPayload.apns; sourceTree = "<group>"; };
		F46D37891AD94B2800CFEDF9 /* InterfaceController.h */ = {isa = PBXFileReference; lastKnownFileType = sourcecode.c.h; path = InterfaceController.h; sourceTree = "<group>"; };
		F46D378A1AD94B2800CFEDF9 /* InterfaceController.m */ = {isa = PBXFileReference; lastKnownFileType = sourcecode.c.objc; path = InterfaceController.m; sourceTree = "<group>"; };
		F46D378C1AD94B2800CFEDF9 /* NotificationController.h */ = {isa = PBXFileReference; lastKnownFileType = sourcecode.c.h; path = NotificationController.h; sourceTree = "<group>"; };
		F46D378D1AD94B2800CFEDF9 /* NotificationController.m */ = {isa = PBXFileReference; lastKnownFileType = sourcecode.c.objc; path = NotificationController.m; sourceTree = "<group>"; };
		F46D378F1AD94B2800CFEDF9 /* Images.xcassets */ = {isa = PBXFileReference; lastKnownFileType = folder.assetcatalog; path = Images.xcassets; sourceTree = "<group>"; };
		F46D37931AD94B2900CFEDF9 /* SmartLock WatchKit App.app */ = {isa = PBXFileReference; explicitFileType = wrapper.application; includeInIndex = 0; path = "SmartLock WatchKit App.app"; sourceTree = BUILT_PRODUCTS_DIR; };
		F46D37991AD94B2900CFEDF9 /* Info.plist */ = {isa = PBXFileReference; lastKnownFileType = text.plist.xml; path = Info.plist; sourceTree = "<group>"; };
		F46D379B1AD94B2900CFEDF9 /* Base */ = {isa = PBXFileReference; lastKnownFileType = file.storyboard; name = Base; path = Base.lproj/Interface.storyboard; sourceTree = "<group>"; };
		F46D379D1AD94B2900CFEDF9 /* Images.xcassets */ = {isa = PBXFileReference; lastKnownFileType = folder.assetcatalog; path = Images.xcassets; sourceTree = "<group>"; };
		F46D37A91AD94D9700CFEDF9 /* SmartLock.pch */ = {isa = PBXFileReference; lastKnownFileType = sourcecode.c.h; path = SmartLock.pch; sourceTree = "<group>"; };
		F4715A2E1A244CF40087694A /* SmartLock.app */ = {isa = PBXFileReference; explicitFileType = wrapper.application; includeInIndex = 0; path = SmartLock.app; sourceTree = BUILT_PRODUCTS_DIR; };
		F4715A321A244CF40087694A /* Info.plist */ = {isa = PBXFileReference; lastKnownFileType = text.plist.xml; path = Info.plist; sourceTree = "<group>"; };
		F4715A331A244CF40087694A /* main.m */ = {isa = PBXFileReference; lastKnownFileType = sourcecode.c.objc; path = main.m; sourceTree = "<group>"; };
		F4715A351A244CF40087694A /* AppDelegate.h */ = {isa = PBXFileReference; lastKnownFileType = sourcecode.c.h; path = AppDelegate.h; sourceTree = "<group>"; };
		F4715A361A244CF40087694A /* AppDelegate.m */ = {isa = PBXFileReference; lastKnownFileType = sourcecode.c.objc; path = AppDelegate.m; sourceTree = "<group>"; };
		F4715A3E1A244CF40087694A /* Images.xcassets */ = {isa = PBXFileReference; lastKnownFileType = folder.assetcatalog; path = Images.xcassets; sourceTree = "<group>"; };
		F4715A411A244CF40087694A /* Base */ = {isa = PBXFileReference; lastKnownFileType = file.xib; name = Base; path = Base.lproj/LaunchScreen.xib; sourceTree = "<group>"; };
		F4715A471A244CF40087694A /* SmartLockTests.xctest */ = {isa = PBXFileReference; explicitFileType = wrapper.cfbundle; includeInIndex = 0; path = SmartLockTests.xctest; sourceTree = BUILT_PRODUCTS_DIR; };
		F4715A4C1A244CF40087694A /* Info.plist */ = {isa = PBXFileReference; lastKnownFileType = text.plist.xml; path = Info.plist; sourceTree = "<group>"; };
		F4715A4D1A244CF40087694A /* SmartLockTests.m */ = {isa = PBXFileReference; lastKnownFileType = sourcecode.c.objc; path = SmartLockTests.m; sourceTree = "<group>"; };
		F4715A5D1A244D6B0087694A /* Main.storyboard */ = {isa = PBXFileReference; fileEncoding = 4; lastKnownFileType = file.storyboard; path = Main.storyboard; sourceTree = "<group>"; };
		F4715A5E1A244D6B0087694A /* MainController.h */ = {isa = PBXFileReference; fileEncoding = 4; lastKnownFileType = sourcecode.c.h; path = MainController.h; sourceTree = "<group>"; };
		F4715A5F1A244D6B0087694A /* MainController.m */ = {isa = PBXFileReference; fileEncoding = 4; lastKnownFileType = sourcecode.c.objc; path = MainController.m; sourceTree = "<group>"; };
		F4715A611A244D6B0087694A /* SearchController.h */ = {isa = PBXFileReference; fileEncoding = 4; lastKnownFileType = sourcecode.c.h; path = SearchController.h; sourceTree = "<group>"; };
		F4715A621A244D6B0087694A /* SearchController.m */ = {isa = PBXFileReference; fileEncoding = 4; lastKnownFileType = sourcecode.c.objc; path = SearchController.m; sourceTree = "<group>"; };
		F4715A631A244D6B0087694A /* WellcomeController.h */ = {isa = PBXFileReference; fileEncoding = 4; lastKnownFileType = sourcecode.c.h; path = WellcomeController.h; sourceTree = "<group>"; };
		F4715A641A244D6B0087694A /* WellcomeController.m */ = {isa = PBXFileReference; fileEncoding = 4; lastKnownFileType = sourcecode.c.objc; path = WellcomeController.m; sourceTree = "<group>"; };
		F4715A691A244DA20087694A /* Search.storyboard */ = {isa = PBXFileReference; fileEncoding = 4; lastKnownFileType = file.storyboard; path = Search.storyboard; sourceTree = "<group>"; };
		F4715A6C1A244DCF0087694A /* Map.storyboard */ = {isa = PBXFileReference; fileEncoding = 4; lastKnownFileType = file.storyboard; path = Map.storyboard; sourceTree = "<group>"; };
		F4715A6D1A244DCF0087694A /* MapController.h */ = {isa = PBXFileReference; fileEncoding = 4; lastKnownFileType = sourcecode.c.h; path = MapController.h; sourceTree = "<group>"; };
		F4715A6E1A244DCF0087694A /* MapController.m */ = {isa = PBXFileReference; fileEncoding = 4; lastKnownFileType = sourcecode.c.objc; path = MapController.m; sourceTree = "<group>"; };
		F4715A751A244F700087694A /* SmartLock.pch */ = {isa = PBXFileReference; lastKnownFileType = sourcecode.c.h; path = SmartLock.pch; sourceTree = "<group>"; };
		F4715A761A2459E20087694A /* SmartLock.pch */ = {isa = PBXFileReference; lastKnownFileType = sourcecode.c.h; path = SmartLock.pch; sourceTree = "<group>"; };
		F4715A781A2604A20087694A /* BLECentral.h */ = {isa = PBXFileReference; fileEncoding = 4; lastKnownFileType = sourcecode.c.h; path = BLECentral.h; sourceTree = "<group>"; };
		F4715A791A2604A20087694A /* BLECentral.m */ = {isa = PBXFileReference; fileEncoding = 4; lastKnownFileType = sourcecode.c.objc; path = BLECentral.m; sourceTree = "<group>"; };
		F4715A7A1A2604A20087694A /* Location.h */ = {isa = PBXFileReference; fileEncoding = 4; lastKnownFileType = sourcecode.c.h; path = Location.h; sourceTree = "<group>"; };
		F4715A7B1A2604A20087694A /* Location.m */ = {isa = PBXFileReference; fileEncoding = 4; lastKnownFileType = sourcecode.c.objc; path = Location.m; sourceTree = "<group>"; };
		F4715A7E1A2604C20087694A /* Settings.h */ = {isa = PBXFileReference; fileEncoding = 4; lastKnownFileType = sourcecode.c.h; path = Settings.h; sourceTree = "<group>"; };
		F4715A7F1A2604C20087694A /* Settings.m */ = {isa = PBXFileReference; fileEncoding = 4; lastKnownFileType = sourcecode.c.objc; path = Settings.m; sourceTree = "<group>"; };
/* End PBXFileReference section */

/* Begin PBXFrameworksBuildPhase section */
		F46D37811AD94B2800CFEDF9 /* Frameworks */ = {
			isa = PBXFrameworksBuildPhase;
			buildActionMask = 2147483647;
			files = (
			);
			runOnlyForDeploymentPostprocessing = 0;
		};
		F4715A2B1A244CF40087694A /* Frameworks */ = {
			isa = PBXFrameworksBuildPhase;
			buildActionMask = 2147483647;
			files = (
			);
			runOnlyForDeploymentPostprocessing = 0;
		};
		F4715A441A244CF40087694A /* Frameworks */ = {
			isa = PBXFrameworksBuildPhase;
			buildActionMask = 2147483647;
			files = (
			);
			runOnlyForDeploymentPostprocessing = 0;
		};
/* End PBXFrameworksBuildPhase section */

/* Begin PBXGroup section */
		F46D37851AD94B2800CFEDF9 /* SmartLock WatchKit Extension */ = {
			isa = PBXGroup;
			children = (
				F46D37891AD94B2800CFEDF9 /* InterfaceController.h */,
				F46D378A1AD94B2800CFEDF9 /* InterfaceController.m */,
				F46D378C1AD94B2800CFEDF9 /* NotificationController.h */,
				F46D378D1AD94B2800CFEDF9 /* NotificationController.m */,
				F46D378F1AD94B2800CFEDF9 /* Images.xcassets */,
				F46D37861AD94B2800CFEDF9 /* Supporting Files */,
				F46D37A91AD94D9700CFEDF9 /* SmartLock.pch */,
			);
			path = "SmartLock WatchKit Extension";
			sourceTree = "<group>";
		};
		F46D37861AD94B2800CFEDF9 /* Supporting Files */ = {
			isa = PBXGroup;
			children = (
				F46D37871AD94B2800CFEDF9 /* Info.plist */,
				F46D37881AD94B2800CFEDF9 /* PushNotificationPayload.apns */,
			);
			name = "Supporting Files";
			sourceTree = "<group>";
		};
		F46D37971AD94B2900CFEDF9 /* SmartLock WatchKit App */ = {
			isa = PBXGroup;
			children = (
				F46D379A1AD94B2900CFEDF9 /* Interface.storyboard */,
				F46D379D1AD94B2900CFEDF9 /* Images.xcassets */,
				F46D37981AD94B2900CFEDF9 /* Supporting Files */,
			);
			path = "SmartLock WatchKit App";
			sourceTree = "<group>";
		};
		F46D37981AD94B2900CFEDF9 /* Supporting Files */ = {
			isa = PBXGroup;
			children = (
				F46D37991AD94B2900CFEDF9 /* Info.plist */,
			);
			name = "Supporting Files";
			sourceTree = "<group>";
		};
		F4715A251A244CF40087694A = {
			isa = PBXGroup;
			children = (
				F4715A301A244CF40087694A /* SmartLock */,
				F4715A4A1A244CF40087694A /* SmartLockTests */,
				F46D37851AD94B2800CFEDF9 /* SmartLock WatchKit Extension */,
				F46D37971AD94B2900CFEDF9 /* SmartLock WatchKit App */,
				F4715A2F1A244CF40087694A /* Products */,
			);
			sourceTree = "<group>";
		};
		F4715A2F1A244CF40087694A /* Products */ = {
			isa = PBXGroup;
			children = (
				F4715A2E1A244CF40087694A /* SmartLock.app */,
				F4715A471A244CF40087694A /* SmartLockTests.xctest */,
				F46D37841AD94B2800CFEDF9 /* SmartLock WatchKit Extension.appex */,
				F46D37931AD94B2900CFEDF9 /* SmartLock WatchKit App.app */,
			);
			name = Products;
			sourceTree = "<group>";
		};
		F4715A301A244CF40087694A /* SmartLock */ = {
			isa = PBXGroup;
			children = (
				F4715A771A2604A20087694A /* lib */,
				F4715A601A244D6B0087694A /* Search */,
				F4715A5C1A244D6B0087694A /* Main */,
				F4715A6B1A244DCF0087694A /* Map */,
				F4715A351A244CF40087694A /* AppDelegate.h */,
				F4715A361A244CF40087694A /* AppDelegate.m */,
				F4715A3E1A244CF40087694A /* Images.xcassets */,
				F4715A401A244CF40087694A /* LaunchScreen.xib */,
				F4715A311A244CF40087694A /* Supporting Files */,
			);
			path = SmartLock;
			sourceTree = "<group>";
		};
		F4715A311A244CF40087694A /* Supporting Files */ = {
			isa = PBXGroup;
			children = (
				F4715A321A244CF40087694A /* Info.plist */,
				F4715A331A244CF40087694A /* main.m */,
				F4715A751A244F700087694A /* SmartLock.pch */,
			);
			name = "Supporting Files";
			sourceTree = "<group>";
		};
		F4715A4A1A244CF40087694A /* SmartLockTests */ = {
			isa = PBXGroup;
			children = (
				F4715A4D1A244CF40087694A /* SmartLockTests.m */,
				F4715A4B1A244CF40087694A /* Supporting Files */,
			);
			path = SmartLockTests;
			sourceTree = "<group>";
		};
		F4715A4B1A244CF40087694A /* Supporting Files */ = {
			isa = PBXGroup;
			children = (
				F4715A761A2459E20087694A /* SmartLock.pch */,
				F4715A4C1A244CF40087694A /* Info.plist */,
			);
			name = "Supporting Files";
			sourceTree = "<group>";
		};
		F4715A5C1A244D6B0087694A /* Main */ = {
			isa = PBXGroup;
			children = (
				F4715A5D1A244D6B0087694A /* Main.storyboard */,
				F4715A5E1A244D6B0087694A /* MainController.h */,
				F4715A5F1A244D6B0087694A /* MainController.m */,
			);
			path = Main;
			sourceTree = "<group>";
		};
		F4715A601A244D6B0087694A /* Search */ = {
			isa = PBXGroup;
			children = (
				F4715A691A244DA20087694A /* Search.storyboard */,
				F4715A611A244D6B0087694A /* SearchController.h */,
				F4715A621A244D6B0087694A /* SearchController.m */,
				F4715A631A244D6B0087694A /* WellcomeController.h */,
				F4715A641A244D6B0087694A /* WellcomeController.m */,
			);
			path = Search;
			sourceTree = "<group>";
		};
		F4715A6B1A244DCF0087694A /* Map */ = {
			isa = PBXGroup;
			children = (
				F4715A6C1A244DCF0087694A /* Map.storyboard */,
				F4715A6D1A244DCF0087694A /* MapController.h */,
				F4715A6E1A244DCF0087694A /* MapController.m */,
			);
			path = Map;
			sourceTree = "<group>";
		};
		F4715A771A2604A20087694A /* lib */ = {
			isa = PBXGroup;
			children = (
				F4715A781A2604A20087694A /* BLECentral.h */,
				F4715A791A2604A20087694A /* BLECentral.m */,
				F4715A7A1A2604A20087694A /* Location.h */,
				F4715A7B1A2604A20087694A /* Location.m */,
				F4715A7E1A2604C20087694A /* Settings.h */,
				F4715A7F1A2604C20087694A /* Settings.m */,
			);
			path = lib;
			sourceTree = "<group>";
		};
/* End PBXGroup section */

/* Begin PBXNativeTarget section */
		F46D37831AD94B2800CFEDF9 /* SmartLock WatchKit Extension */ = {
			isa = PBXNativeTarget;
			buildConfigurationList = F46D37A71AD94B2900CFEDF9 /* Build configuration list for PBXNativeTarget "SmartLock WatchKit Extension" */;
			buildPhases = (
				F46D37801AD94B2800CFEDF9 /* Sources */,
				F46D37811AD94B2800CFEDF9 /* Frameworks */,
				F46D37821AD94B2800CFEDF9 /* Resources */,
			);
			buildRules = (
			);
			dependencies = (
				F46D37961AD94B2900CFEDF9 /* PBXTargetDependency */,
			);
			name = "SmartLock WatchKit Extension";
			productName = "SmartLock WatchKit Extension";
			productReference = F46D37841AD94B2800CFEDF9 /* SmartLock WatchKit Extension.appex */;
			productType = "com.apple.product-type.watchkit-extension";
		};
		F46D37921AD94B2900CFEDF9 /* SmartLock WatchKit App */ = {
			isa = PBXNativeTarget;
			buildConfigurationList = F46D37A61AD94B2900CFEDF9 /* Build configuration list for PBXNativeTarget "SmartLock WatchKit App" */;
			buildPhases = (
				F46D37911AD94B2900CFEDF9 /* Resources */,
			);
			buildRules = (
			);
			dependencies = (
			);
			name = "SmartLock WatchKit App";
			productName = "SmartLock WatchKit App";
			productReference = F46D37931AD94B2900CFEDF9 /* SmartLock WatchKit App.app */;
			productType = "com.apple.product-type.application.watchapp";
		};
		F4715A2D1A244CF40087694A /* SmartLock */ = {
			isa = PBXNativeTarget;
			buildConfigurationList = F4715A511A244CF40087694A /* Build configuration list for PBXNativeTarget "SmartLock" */;
			buildPhases = (
				F4715A2A1A244CF40087694A /* Sources */,
				F4715A2B1A244CF40087694A /* Frameworks */,
				F4715A2C1A244CF40087694A /* Resources */,
				F46D37A81AD94B2900CFEDF9 /* Embed App Extensions */,
			);
			buildRules = (
			);
			dependencies = (
				F46D37A01AD94B2900CFEDF9 /* PBXTargetDependency */,
			);
			name = SmartLock;
			productName = SmartLock;
			productReference = F4715A2E1A244CF40087694A /* SmartLock.app */;
			productType = "com.apple.product-type.application";
		};
		F4715A461A244CF40087694A /* SmartLockTests */ = {
			isa = PBXNativeTarget;
			buildConfigurationList = F4715A541A244CF40087694A /* Build configuration list for PBXNativeTarget "SmartLockTests" */;
			buildPhases = (
				F4715A431A244CF40087694A /* Sources */,
				F4715A441A244CF40087694A /* Frameworks */,
				F4715A451A244CF40087694A /* Resources */,
			);
			buildRules = (
			);
			dependencies = (
				F4715A491A244CF40087694A /* PBXTargetDependency */,
			);
			name = SmartLockTests;
			productName = SmartLockTests;
			productReference = F4715A471A244CF40087694A /* SmartLockTests.xctest */;
			productType = "com.apple.product-type.bundle.unit-test";
		};
/* End PBXNativeTarget section */

/* Begin PBXProject section */
		F4715A261A244CF40087694A /* Project object */ = {
			isa = PBXProject;
			attributes = {
				LastUpgradeCheck = 0610;
				ORGANIZATIONNAME = toshiyuki;
				TargetAttributes = {
					F46D37831AD94B2800CFEDF9 = {
						CreatedOnToolsVersion = 6.3;
						DevelopmentTeam = E73BKXBR46;
					};
					F46D37921AD94B2900CFEDF9 = {
						CreatedOnToolsVersion = 6.3;
					};
					F4715A2D1A244CF40087694A = {
						CreatedOnToolsVersion = 6.1;
						DevelopmentTeam = E73BKXBR46;
					};
					F4715A461A244CF40087694A = {
						CreatedOnToolsVersion = 6.1;
						TestTargetID = F4715A2D1A244CF40087694A;
					};
				};
			};
			buildConfigurationList = F4715A291A244CF40087694A /* Build configuration list for PBXProject "SmartLock" */;
			compatibilityVersion = "Xcode 3.2";
			developmentRegion = English;
			hasScannedForEncodings = 0;
			knownRegions = (
				en,
				Base,
			);
			mainGroup = F4715A251A244CF40087694A;
			productRefGroup = F4715A2F1A244CF40087694A /* Products */;
			projectDirPath = "";
			projectRoot = "";
			targets = (
				F4715A2D1A244CF40087694A /* SmartLock */,
				F4715A461A244CF40087694A /* SmartLockTests */,
				F46D37831AD94B2800CFEDF9 /* SmartLock WatchKit Extension */,
				F46D37921AD94B2900CFEDF9 /* SmartLock WatchKit App */,
			);
		};
/* End PBXProject section */

/* Begin PBXResourcesBuildPhase section */
		F46D37821AD94B2800CFEDF9 /* Resources */ = {
			isa = PBXResourcesBuildPhase;
			buildActionMask = 2147483647;
			files = (
				F46D37901AD94B2800CFEDF9 /* Images.xcassets in Resources */,
				F46D37941AD94B2900CFEDF9 /* SmartLock WatchKit App.app in Resources */,
			);
			runOnlyForDeploymentPostprocessing = 0;
		};
		F46D37911AD94B2900CFEDF9 /* Resources */ = {
			isa = PBXResourcesBuildPhase;
			buildActionMask = 2147483647;
			files = (
				F46D379C1AD94B2900CFEDF9 /* Interface.storyboard in Resources */,
				F46D379E1AD94B2900CFEDF9 /* Images.xcassets in Resources */,
			);
			runOnlyForDeploymentPostprocessing = 0;
		};
		F4715A2C1A244CF40087694A /* Resources */ = {
			isa = PBXResourcesBuildPhase;
			buildActionMask = 2147483647;
			files = (
				F4715A421A244CF40087694A /* LaunchScreen.xib in Resources */,
				F4715A3F1A244CF40087694A /* Images.xcassets in Resources */,
				F4715A651A244D6B0087694A /* Main.storyboard in Resources */,
				F4715A6A1A244DA20087694A /* Search.storyboard in Resources */,
				F4715A6F1A244DCF0087694A /* Map.storyboard in Resources */,
			);
			runOnlyForDeploymentPostprocessing = 0;
		};
		F4715A451A244CF40087694A /* Resources */ = {
			isa = PBXResourcesBuildPhase;
			buildActionMask = 2147483647;
			files = (
			);
			runOnlyForDeploymentPostprocessing = 0;
		};
/* End PBXResourcesBuildPhase section */

/* Begin PBXSourcesBuildPhase section */
		F46D37801AD94B2800CFEDF9 /* Sources */ = {
			isa = PBXSourcesBuildPhase;
			buildActionMask = 2147483647;
			files = (
				F46D378E1AD94B2800CFEDF9 /* NotificationController.m in Sources */,
				F46D378B1AD94B2800CFEDF9 /* InterfaceController.m in Sources */,
			);
			runOnlyForDeploymentPostprocessing = 0;
		};
		F4715A2A1A244CF40087694A /* Sources */ = {
			isa = PBXSourcesBuildPhase;
			buildActionMask = 2147483647;
			files = (
				F4715A371A244CF40087694A /* AppDelegate.m in Sources */,
				F4715A341A244CF40087694A /* main.m in Sources */,
				F4715A801A2604C20087694A /* Settings.m in Sources */,
				F4715A671A244D6B0087694A /* SearchController.m in Sources */,
				F4715A7C1A2604A20087694A /* BLECentral.m in Sources */,
				F4715A701A244DCF0087694A /* MapController.m in Sources */,
				F4715A661A244D6B0087694A /* MainController.m in Sources */,
				F4715A7D1A2604A20087694A /* Location.m in Sources */,
				F4715A681A244D6B0087694A /* WellcomeController.m in Sources */,
			);
			runOnlyForDeploymentPostprocessing = 0;
		};
		F4715A431A244CF40087694A /* Sources */ = {
			isa = PBXSourcesBuildPhase;
			buildActionMask = 2147483647;
			files = (
				F4715A4E1A244CF40087694A /* SmartLockTests.m in Sources */,
			);
			runOnlyForDeploymentPostprocessing = 0;
		};
/* End PBXSourcesBuildPhase section */

/* Begin PBXTargetDependency section */
		F46D37961AD94B2900CFEDF9 /* PBXTargetDependency */ = {
			isa = PBXTargetDependency;
			target = F46D37921AD94B2900CFEDF9 /* SmartLock WatchKit App */;
			targetProxy = F46D37951AD94B2900CFEDF9 /* PBXContainerItemProxy */;
		};
		F46D37A01AD94B2900CFEDF9 /* PBXTargetDependency */ = {
			isa = PBXTargetDependency;
			target = F46D37831AD94B2800CFEDF9 /* SmartLock WatchKit Extension */;
			targetProxy = F46D379F1AD94B2900CFEDF9 /* PBXContainerItemProxy */;
		};
		F4715A491A244CF40087694A /* PBXTargetDependency */ = {
			isa = PBXTargetDependency;
			target = F4715A2D1A244CF40087694A /* SmartLock */;
			targetProxy = F4715A481A244CF40087694A /* PBXContainerItemProxy */;
		};
/* End PBXTargetDependency section */

/* Begin PBXVariantGroup section */
		F46D379A1AD94B2900CFEDF9 /* Interface.storyboard */ = {
			isa = PBXVariantGroup;
			children = (
				F46D379B1AD94B2900CFEDF9 /* Base */,
			);
			name = Interface.storyboard;
			sourceTree = "<group>";
		};
		F4715A401A244CF40087694A /* LaunchScreen.xib */ = {
			isa = PBXVariantGroup;
			children = (
				F4715A411A244CF40087694A /* Base */,
			);
			name = LaunchScreen.xib;
			sourceTree = "<group>";
		};
/* End PBXVariantGroup section */

/* Begin XCBuildConfiguration section */
		F46D37A21AD94B2900CFEDF9 /* Debug */ = {
			isa = XCBuildConfiguration;
			buildSettings = {
				CODE_SIGN_IDENTITY = "iPhone Developer";
				"CODE_SIGN_IDENTITY[sdk=iphoneos*]" = "iPhone Developer";
				DEBUG_INFORMATION_FORMAT = "dwarf-with-dsym";
				GCC_NO_COMMON_BLOCKS = YES;
				GCC_PREPROCESSOR_DEFINITIONS = (
					"DEBUG=1",
					"$(inherited)",
				);
				INFOPLIST_FILE = "SmartLock WatchKit Extension/Info.plist";
				IPHONEOS_DEPLOYMENT_TARGET = 8.3;
				LD_RUNPATH_SEARCH_PATHS = "$(inherited) @executable_path/Frameworks @executable_path/../../Frameworks";
				PRODUCT_NAME = "${TARGET_NAME}";
				SKIP_INSTALL = YES;
			};
			name = Debug;
		};
		F46D37A31AD94B2900CFEDF9 /* Release */ = {
			isa = XCBuildConfiguration;
			buildSettings = {
				CODE_SIGN_IDENTITY = "iPhone Developer";
				"CODE_SIGN_IDENTITY[sdk=iphoneos*]" = "iPhone Developer";
				COPY_PHASE_STRIP = NO;
				DEBUG_INFORMATION_FORMAT = "dwarf-with-dsym";
				GCC_NO_COMMON_BLOCKS = YES;
				INFOPLIST_FILE = "SmartLock WatchKit Extension/Info.plist";
				IPHONEOS_DEPLOYMENT_TARGET = 8.3;
				LD_RUNPATH_SEARCH_PATHS = "$(inherited) @executable_path/Frameworks @executable_path/../../Frameworks";
				PRODUCT_NAME = "${TARGET_NAME}";
				SKIP_INSTALL = YES;
			};
			name = Release;
		};
		F46D37A41AD94B2900CFEDF9 /* Debug */ = {
			isa = XCBuildConfiguration;
			buildSettings = {
				ASSETCATALOG_COMPILER_APPICON_NAME = AppIcon;
				DEBUG_INFORMATION_FORMAT = "dwarf-with-dsym";
				GCC_NO_COMMON_BLOCKS = YES;
				GCC_PREPROCESSOR_DEFINITIONS = (
					"DEBUG=1",
					"$(inherited)",
				);
				IBSC_MODULE = SmartLock_WatchKit_Extension;
				INFOPLIST_FILE = "SmartLock WatchKit App/Info.plist";
				IPHONEOS_DEPLOYMENT_TARGET = 8.2;
				PRODUCT_NAME = "$(TARGET_NAME)";
				SKIP_INSTALL = YES;
				TARGETED_DEVICE_FAMILY = 4;
				"TARGETED_DEVICE_FAMILY[sdk=iphonesimulator*]" = "1,4";
			};
			name = Debug;
		};
		F46D37A51AD94B2900CFEDF9 /* Release */ = {
			isa = XCBuildConfiguration;
			buildSettings = {
				ASSETCATALOG_COMPILER_APPICON_NAME = AppIcon;
				COPY_PHASE_STRIP = NO;
				DEBUG_INFORMATION_FORMAT = "dwarf-with-dsym";
				GCC_NO_COMMON_BLOCKS = YES;
				IBSC_MODULE = SmartLock_WatchKit_Extension;
				INFOPLIST_FILE = "SmartLock WatchKit App/Info.plist";
				IPHONEOS_DEPLOYMENT_TARGET = 8.2;
				PRODUCT_NAME = "$(TARGET_NAME)";
				SKIP_INSTALL = YES;
				TARGETED_DEVICE_FAMILY = 4;
				"TARGETED_DEVICE_FAMILY[sdk=iphonesimulator*]" = "1,4";
			};
			name = Release;
		};
		F4715A4F1A244CF40087694A /* Debug */ = {
			isa = XCBuildConfiguration;
			buildSettings = {
				ALWAYS_SEARCH_USER_PATHS = NO;
				CLANG_CXX_LANGUAGE_STANDARD = "gnu++0x";
				CLANG_CXX_LIBRARY = "libc++";
				CLANG_ENABLE_MODULES = YES;
				CLANG_ENABLE_OBJC_ARC = YES;
				CLANG_WARN_BOOL_CONVERSION = YES;
				CLANG_WARN_CONSTANT_CONVERSION = YES;
				CLANG_WARN_DIRECT_OBJC_ISA_USAGE = YES_ERROR;
				CLANG_WARN_EMPTY_BODY = YES;
				CLANG_WARN_ENUM_CONVERSION = YES;
				CLANG_WARN_INT_CONVERSION = YES;
				CLANG_WARN_OBJC_ROOT_CLASS = YES_ERROR;
				CLANG_WARN_UNREACHABLE_CODE = YES;
				CLANG_WARN__DUPLICATE_METHOD_MATCH = YES;
				"CODE_SIGN_IDENTITY[sdk=iphoneos*]" = "iPhone Developer";
				COPY_PHASE_STRIP = NO;
				ENABLE_STRICT_OBJC_MSGSEND = YES;
				GCC_C_LANGUAGE_STANDARD = gnu99;
				GCC_DYNAMIC_NO_PIC = NO;
				GCC_OPTIMIZATION_LEVEL = 0;
				GCC_PREFIX_HEADER = "$(SRCROOT)/$(PRODUCT_NAME)/SmartLock.pch";
				GCC_PREPROCESSOR_DEFINITIONS = (
					"DEBUG=1",
					"$(inherited)",
				);
				GCC_SYMBOLS_PRIVATE_EXTERN = NO;
				GCC_WARN_64_TO_32_BIT_CONVERSION = YES;
				GCC_WARN_ABOUT_RETURN_TYPE = YES_ERROR;
				GCC_WARN_UNDECLARED_SELECTOR = YES;
				GCC_WARN_UNINITIALIZED_AUTOS = YES_AGGRESSIVE;
				GCC_WARN_UNUSED_FUNCTION = YES;
				GCC_WARN_UNUSED_VARIABLE = YES;
				IPHONEOS_DEPLOYMENT_TARGET = 8.2;
				MTL_ENABLE_DEBUG_INFO = YES;
				ONLY_ACTIVE_ARCH = YES;
				SDKROOT = iphoneos;
			};
			name = Debug;
		};
		F4715A501A244CF40087694A /* Release */ = {
			isa = XCBuildConfiguration;
			buildSettings = {
				ALWAYS_SEARCH_USER_PATHS = NO;
				CLANG_CXX_LANGUAGE_STANDARD = "gnu++0x";
				CLANG_CXX_LIBRARY = "libc++";
				CLANG_ENABLE_MODULES = YES;
				CLANG_ENABLE_OBJC_ARC = YES;
				CLANG_WARN_BOOL_CONVERSION = YES;
				CLANG_WARN_CONSTANT_CONVERSION = YES;
				CLANG_WARN_DIRECT_OBJC_ISA_USAGE = YES_ERROR;
				CLANG_WARN_EMPTY_BODY = YES;
				CLANG_WARN_ENUM_CONVERSION = YES;
				CLANG_WARN_INT_CONVERSION = YES;
				CLANG_WARN_OBJC_ROOT_CLASS = YES_ERROR;
				CLANG_WARN_UNREACHABLE_CODE = YES;
				CLANG_WARN__DUPLICATE_METHOD_MATCH = YES;
				"CODE_SIGN_IDENTITY[sdk=iphoneos*]" = "iPhone Distribution";
				COPY_PHASE_STRIP = YES;
				ENABLE_NS_ASSERTIONS = NO;
				ENABLE_STRICT_OBJC_MSGSEND = YES;
				GCC_C_LANGUAGE_STANDARD = gnu99;
				GCC_PREFIX_HEADER = "$(SRCROOT)/$(PRODUCT_NAME)/SmartLock.pch";
				GCC_WARN_64_TO_32_BIT_CONVERSION = YES;
				GCC_WARN_ABOUT_RETURN_TYPE = YES_ERROR;
				GCC_WARN_UNDECLARED_SELECTOR = YES;
				GCC_WARN_UNINITIALIZED_AUTOS = YES_AGGRESSIVE;
				GCC_WARN_UNUSED_FUNCTION = YES;
				GCC_WARN_UNUSED_VARIABLE = YES;
				IPHONEOS_DEPLOYMENT_TARGET = 8.2;
				MTL_ENABLE_DEBUG_INFO = NO;
				SDKROOT = iphoneos;
				VALIDATE_PRODUCT = YES;
			};
			name = Release;
		};
		F4715A521A244CF40087694A /* Debug */ = {
			isa = XCBuildConfiguration;
			buildSettings = {
				ASSETCATALOG_COMPILER_APPICON_NAME = AppIcon;
				CODE_SIGN_IDENTITY = "iPhone Developer";
				"CODE_SIGN_IDENTITY[sdk=iphoneos*]" = "iPhone Developer";
				INFOPLIST_FILE = SmartLock/Info.plist;
				LD_RUNPATH_SEARCH_PATHS = "$(inherited) @executable_path/Frameworks";
				PRODUCT_NAME = "$(TARGET_NAME)";
				PROVISIONING_PROFILE = "";
			};
			name = Debug;
		};
		F4715A531A244CF40087694A /* Release */ = {
			isa = XCBuildConfiguration;
			buildSettings = {
				ASSETCATALOG_COMPILER_APPICON_NAME = AppIcon;
				CODE_SIGN_IDENTITY = "iPhone Developer";
				"CODE_SIGN_IDENTITY[sdk=iphoneos*]" = "iPhone Developer";
				INFOPLIST_FILE = SmartLock/Info.plist;
				LD_RUNPATH_SEARCH_PATHS = "$(inherited) @executable_path/Frameworks";
				PRODUCT_NAME = "$(TARGET_NAME)";
				PROVISIONING_PROFILE = "";
			};
			name = Release;
		};
		F4715A551A244CF40087694A /* Debug */ = {
			isa = XCBuildConfiguration;
			buildSettings = {
				BUNDLE_LOADER = "$(TEST_HOST)";
				FRAMEWORK_SEARCH_PATHS = (
					"$(SDKROOT)/Developer/Library/Frameworks",
					"$(inherited)",
				);
				GCC_PREPROCESSOR_DEFINITIONS = (
					"DEBUG=1",
					"$(inherited)",
				);
				INFOPLIST_FILE = SmartLockTests/Info.plist;
				LD_RUNPATH_SEARCH_PATHS = "$(inherited) @executable_path/Frameworks @loader_path/Frameworks";
				PRODUCT_NAME = "$(TARGET_NAME)";
				TEST_HOST = "$(BUILT_PRODUCTS_DIR)/SmartLock.app/SmartLock";
			};
			name = Debug;
		};
		F4715A561A244CF40087694A /* Release */ = {
			isa = XCBuildConfiguration;
			buildSettings = {
				BUNDLE_LOADER = "$(TEST_HOST)";
				FRAMEWORK_SEARCH_PATHS = (
					"$(SDKROOT)/Developer/Library/Frameworks",
					"$(inherited)",
				);
				INFOPLIST_FILE = SmartLockTests/Info.plist;
				LD_RUNPATH_SEARCH_PATHS = "$(inherited) @executable_path/Frameworks @loader_path/Frameworks";
				PRODUCT_NAME = "$(TARGET_NAME)";
				TEST_HOST = "$(BUILT_PRODUCTS_DIR)/SmartLock.app/SmartLock";
			};
			name = Release;
		};
/* End XCBuildConfiguration section */

/* Begin XCConfigurationList section */
		F46D37A61AD94B2900CFEDF9 /* Build configuration list for PBXNativeTarget "SmartLock WatchKit App" */ = {
			isa = XCConfigurationList;
			buildConfigurations = (
				F46D37A41AD94B2900CFEDF9 /* Debug */,
				F46D37A51AD94B2900CFEDF9 /* Release */,
			);
			defaultConfigurationIsVisible = 0;
		};
		F46D37A71AD94B2900CFEDF9 /* Build configuration list for PBXNativeTarget "SmartLock WatchKit Extension" */ = {
			isa = XCConfigurationList;
			buildConfigurations = (
				F46D37A21AD94B2900CFEDF9 /* Debug */,
				F46D37A31AD94B2900CFEDF9 /* Release */,
			);
			defaultConfigurationIsVisible = 0;
		};
		F4715A291A244CF40087694A /* Build configuration list for PBXProject "SmartLock" */ = {
			isa = XCConfigurationList;
			buildConfigurations = (
				F4715A4F1A244CF40087694A /* Debug */,
				F4715A501A244CF40087694A /* Release */,
			);
			defaultConfigurationIsVisible = 0;
			defaultConfigurationName = Release;
		};
		F4715A511A244CF40087694A /* Build configuration list for PBXNativeTarget "SmartLock" */ = {
			isa = XCConfigurationList;
			buildConfigurations = (
				F4715A521A244CF40087694A /* Debug */,
				F4715A531A244CF40087694A /* Release */,
			);
			defaultConfigurationIsVisible = 0;
			defaultConfigurationName = Release;
		};
		F4715A541A244CF40087694A /* Build configuration list for PBXNativeTarget "SmartLockTests" */ = {
			isa = XCConfigurationList;
			buildConfigurations = (
				F4715A551A244CF40087694A /* Debug */,
				F4715A561A244CF40087694A /* Release */,
			);
			defaultConfigurationIsVisible = 0;
			defaultConfigurationName = Release;
		};
/* End XCConfigurationList section */
	};
	rootObject = F4715A261A244CF40087694A /* Project object */;
}
